
Microsoft Visual Studio Solution File, Format Version 12.00
# Visual Studio 15
VisualStudioVersion = 15.0.26730.15
MinimumVisualStudioVersion = 10.0.40219.1
Project("{FAE04EC0-301F-11D3-BF4B-00C04F79EFBC}") = "PruebaSocketPc", "PruebaSocketPc\PruebaSocketPc.csproj", "{61B4D5E1-3063-49B0-87CF-00A77BEE650E}"
EndProject
Project("{FAE04EC0-301F-11D3-BF4B-00C04F79EFBC}") = "PruebaServidor", "PruebaServidor\PruebaServidor.csproj", "{B24D2FD8-1A52-496D-8423-815EA491730F}"
EndProject
Global
	GlobalSection(SolutionConfigurationPlatforms) = preSolution
		Debug|Any CPU = Debug|Any CPU
		Release|Any CPU = Release|Any CPU
	EndGlobalSection
	GlobalSection(ProjectConfigurationPlatforms) = postSolution
		{61B4D5E1-3063-49B0-87CF-00A77BEE650E}.Debug|Any CPU.ActiveCfg = Debug|Any CPU
		{61B4D5E1-3063-49B0-87CF-00A77BEE650E}.Debug|Any CPU.Build.0 = Debug|Any CPU
		{61B4D5E1-3063-49B0-87CF-00A77BEE650E}.Release|Any CPU.ActiveCfg = Release|Any CPU
		{61B4D5E1-3063-49B0-87CF-00A77BEE650E}.Release|Any CPU.Build.0 = Release|Any CPU
		{B24D2FD8-1A52-496D-8423-815EA491730F}.Debug|Any CPU.ActiveCfg = Debug|Any CPU
		{B24D2FD8-1A52-496D-8423-815EA491730F}.Debug|Any CPU.Build.0 = Debug|Any CPU
		{B24D2FD8-1A52-496D-8423-815EA491730F}.Release|Any CPU.ActiveCfg = Release|Any CPU
		{B24D2FD8-1A52-496D-8423-815EA491730F}.Release|Any CPU.Build.0 = Release|Any CPU
	EndGlobalSection
	GlobalSection(SolutionProperties) = preSolution
		HideSolutionNode = FALSE
	EndGlobalSection
	GlobalSection(ExtensibilityGlobals) = postSolution
		SolutionGuid = {AE939591-C650-491D-8047-4D5339020FB9}
	EndGlobalSection
EndGlobal
